
Microsoft Visual Studio Solution File, Format Version 12.00
# Visual Studio Version 16
VisualStudioVersion = 16.0.30517.126
MinimumVisualStudioVersion = 10.0.40219.1
Project("{FAE04EC0-301F-11D3-BF4B-00C04F79EFBC}") = "ProblemSolvingExercises", "ProblemSolvingExercises.csproj", "{283AC415-15DB-4233-BA75-0AEFBD92525E}"
EndProject
Global
	GlobalSection(SolutionConfigurationPlatforms) = preSolution
		Debug|Any CPU = Debug|Any CPU
		Release|Any CPU = Release|Any CPU
	EndGlobalSection
	GlobalSection(ProjectConfigurationPlatforms) = postSolution
		{283AC415-15DB-4233-BA75-0AEFBD92525E}.Debug|Any CPU.ActiveCfg = Debug|Any CPU
		{283AC415-15DB-4233-BA75-0AEFBD92525E}.Debug|Any CPU.Build.0 = Debug|Any CPU
		{283AC415-15DB-4233-BA75-0AEFBD92525E}.Release|Any CPU.ActiveCfg = Release|Any CPU
		{283AC415-15DB-4233-BA75-0AEFBD92525E}.Release|Any CPU.Build.0 = Release|Any CPU
	EndGlobalSection
	GlobalSection(SolutionProperties) = preSolution
		HideSolutionNode = FALSE
	EndGlobalSection
	GlobalSection(ExtensibilityGlobals) = postSolution
		SolutionGuid = {E12A33D9-9F5D-4CD4-9522-0490ECA6DECA}
	EndGlobalSection
EndGlobal
